
Microsoft Visual Studio Solution File, Format Version 12.00
# Visual Studio 15
VisualStudioVersion = 15.0.27703.2035
MinimumVisualStudioVersion = 10.0.40219.1
Project("{FAE04EC0-301F-11D3-BF4B-00C04F79EFBC}") = "Jarser.Wpf", "Jarser.Wpf\Jarser.Wpf.csproj", "{22F82566-EE55-47E4-9930-0646AF26281B}"
EndProject
Project("{FAE04EC0-301F-11D3-BF4B-00C04F79EFBC}") = "Jarser.WebCommunication", "Jarser.WebCommunication\Jarser.WebCommunication.csproj", "{75387869-1734-4245-98FB-999BCF328D7A}"
EndProject
Project("{FAE04EC0-301F-11D3-BF4B-00C04F79EFBC}") = "UnitTests", "UnitTests\UnitTests.csproj", "{585D2417-2C43-4BB4-9AF5-0636A9C10B90}"
EndProject
Project("{FAE04EC0-301F-11D3-BF4B-00C04F79EFBC}") = "Jarser.Parser", "Jarser.Parser\Jarser.Parser.csproj", "{86FF9787-6304-4F9A-8E51-438333673DE2}"
EndProject
Project("{FAE04EC0-301F-11D3-BF4B-00C04F79EFBC}") = "Jarser.Logger", "Jarser.Logger\Jarser.Logger.csproj", "{45D1A91F-E219-40C0-8BFA-3C111103214C}"
EndProject
Project("{FAE04EC0-301F-11D3-BF4B-00C04F79EFBC}") = "Jarser.Export", "Jarser.Export\Jarser.Export.csproj", "{B9EF4FD5-5458-4347-878A-E249CF809BBF}"
EndProject
Project("{54435603-DBB4-11D2-8724-00A0C9A8B90C}") = "JarserSetup", "JarserSetup\JarserSetup.vdproj", "{EABEDF7A-DB92-4121-A8F3-322B6E8C84CC}"
EndProject
Project("{FAE04EC0-301F-11D3-BF4B-00C04F79EFBC}") = "Jarser.RegexSettings", "Jarser.RegexSettings\Jarser.RegexSettings.csproj", "{5B5C89F0-AE93-41F9-9EC4-429B76AC5C31}"
EndProject
Project("{FAE04EC0-301F-11D3-BF4B-00C04F79EFBC}") = "Jarser.ErrorsProcessing", "Jarser.ErrorsProcessing\Jarser.ErrorsProcessing.csproj", "{BBBC5EBF-F5E7-40D3-BE5E-9EAD0B34D532}"
EndProject
Global
	GlobalSection(SolutionConfigurationPlatforms) = preSolution
		Debug|Any CPU = Debug|Any CPU
		Debug|x64 = Debug|x64
		Debug|x86 = Debug|x86
		Release|Any CPU = Release|Any CPU
		Release|x64 = Release|x64
		Release|x86 = Release|x86
	EndGlobalSection
	GlobalSection(ProjectConfigurationPlatforms) = postSolution
		{22F82566-EE55-47E4-9930-0646AF26281B}.Debug|Any CPU.ActiveCfg = Debug|Any CPU
		{22F82566-EE55-47E4-9930-0646AF26281B}.Debug|Any CPU.Build.0 = Debug|Any CPU
		{22F82566-EE55-47E4-9930-0646AF26281B}.Debug|x64.ActiveCfg = Debug|x64
		{22F82566-EE55-47E4-9930-0646AF26281B}.Debug|x64.Build.0 = Debug|x64
		{22F82566-EE55-47E4-9930-0646AF26281B}.Debug|x86.ActiveCfg = Debug|Any CPU
		{22F82566-EE55-47E4-9930-0646AF26281B}.Debug|x86.Build.0 = Debug|Any CPU
		{22F82566-EE55-47E4-9930-0646AF26281B}.Release|Any CPU.ActiveCfg = Release|Any CPU
		{22F82566-EE55-47E4-9930-0646AF26281B}.Release|Any CPU.Build.0 = Release|Any CPU
		{22F82566-EE55-47E4-9930-0646AF26281B}.Release|x64.ActiveCfg = Release|x64
		{22F82566-EE55-47E4-9930-0646AF26281B}.Release|x64.Build.0 = Release|x64
		{22F82566-EE55-47E4-9930-0646AF26281B}.Release|x86.ActiveCfg = Release|x86
		{22F82566-EE55-47E4-9930-0646AF26281B}.Release|x86.Build.0 = Release|x86
		{75387869-1734-4245-98FB-999BCF328D7A}.Debug|Any CPU.ActiveCfg = Debug|Any CPU
		{75387869-1734-4245-98FB-999BCF328D7A}.Debug|Any CPU.Build.0 = Debug|Any CPU
		{75387869-1734-4245-98FB-999BCF328D7A}.Debug|x64.ActiveCfg = Debug|x64
		{75387869-1734-4245-98FB-999BCF328D7A}.Debug|x64.Build.0 = Debug|x64
		{75387869-1734-4245-98FB-999BCF328D7A}.Debug|x86.ActiveCfg = Debug|Any CPU
		{75387869-1734-4245-98FB-999BCF328D7A}.Debug|x86.Build.0 = Debug|Any CPU
		{75387869-1734-4245-98FB-999BCF328D7A}.Release|Any CPU.ActiveCfg = Release|Any CPU
		{75387869-1734-4245-98FB-999BCF328D7A}.Release|Any CPU.Build.0 = Release|Any CPU
		{75387869-1734-4245-98FB-999BCF328D7A}.Release|x64.ActiveCfg = Release|x64
		{75387869-1734-4245-98FB-999BCF328D7A}.Release|x64.Build.0 = Release|x64
		{75387869-1734-4245-98FB-999BCF328D7A}.Release|x86.ActiveCfg = Release|x86
		{75387869-1734-4245-98FB-999BCF328D7A}.Release|x86.Build.0 = Release|x86
		{585D2417-2C43-4BB4-9AF5-0636A9C10B90}.Debug|Any CPU.ActiveCfg = Debug|Any CPU
		{585D2417-2C43-4BB4-9AF5-0636A9C10B90}.Debug|Any CPU.Build.0 = Debug|Any CPU
		{585D2417-2C43-4BB4-9AF5-0636A9C10B90}.Debug|x64.ActiveCfg = Debug|x64
		{585D2417-2C43-4BB4-9AF5-0636A9C10B90}.Debug|x64.Build.0 = Debug|x64
		{585D2417-2C43-4BB4-9AF5-0636A9C10B90}.Debug|x86.ActiveCfg = Debug|Any CPU
		{585D2417-2C43-4BB4-9AF5-0636A9C10B90}.Debug|x86.Build.0 = Debug|Any CPU
		{585D2417-2C43-4BB4-9AF5-0636A9C10B90}.Release|Any CPU.ActiveCfg = Release|Any CPU
		{585D2417-2C43-4BB4-9AF5-0636A9C10B90}.Release|Any CPU.Build.0 = Release|Any CPU
		{585D2417-2C43-4BB4-9AF5-0636A9C10B90}.Release|x64.ActiveCfg = Release|x64
		{585D2417-2C43-4BB4-9AF5-0636A9C10B90}.Release|x64.Build.0 = Release|x64
		{585D2417-2C43-4BB4-9AF5-0636A9C10B90}.Release|x86.ActiveCfg = Release|x86
		{585D2417-2C43-4BB4-9AF5-0636A9C10B90}.Release|x86.Build.0 = Release|x86
		{86FF9787-6304-4F9A-8E51-438333673DE2}.Debug|Any CPU.ActiveCfg = Debug|Any CPU
		{86FF9787-6304-4F9A-8E51-438333673DE2}.Debug|Any CPU.Build.0 = Debug|Any CPU
		{86FF9787-6304-4F9A-8E51-438333673DE2}.Debug|x64.ActiveCfg = Debug|x64
		{86FF9787-6304-4F9A-8E51-438333673DE2}.Debug|x64.Build.0 = Debug|x64
		{86FF9787-6304-4F9A-8E51-438333673DE2}.Debug|x86.ActiveCfg = Debug|Any CPU
		{86FF9787-6304-4F9A-8E51-438333673DE2}.Debug|x86.Build.0 = Debug|Any CPU
		{86FF9787-6304-4F9A-8E51-438333673DE2}.Release|Any CPU.ActiveCfg = Release|Any CPU
		{86FF9787-6304-4F9A-8E51-438333673DE2}.Release|Any CPU.Build.0 = Release|Any CPU
		{86FF9787-6304-4F9A-8E51-438333673DE2}.Release|x64.ActiveCfg = Release|x64
		{86FF9787-6304-4F9A-8E51-438333673DE2}.Release|x64.Build.0 = Release|x64
		{86FF9787-6304-4F9A-8E51-438333673DE2}.Release|x86.ActiveCfg = Release|x86
		{86FF9787-6304-4F9A-8E51-438333673DE2}.Release|x86.Build.0 = Release|x86
		{45D1A91F-E219-40C0-8BFA-3C111103214C}.Debug|Any CPU.ActiveCfg = Debug|Any CPU
		{45D1A91F-E219-40C0-8BFA-3C111103214C}.Debug|Any CPU.Build.0 = Debug|Any CPU
		{45D1A91F-E219-40C0-8BFA-3C111103214C}.Debug|x64.ActiveCfg = Debug|x64
		{45D1A91F-E219-40C0-8BFA-3C111103214C}.Debug|x64.Build.0 = Debug|x64
		{45D1A91F-E219-40C0-8BFA-3C111103214C}.Debug|x86.ActiveCfg = Debug|Any CPU
		{45D1A91F-E219-40C0-8BFA-3C111103214C}.Debug|x86.Build.0 = Debug|Any CPU
		{45D1A91F-E219-40C0-8BFA-3C111103214C}.Release|Any CPU.ActiveCfg = Release|Any CPU
		{45D1A91F-E219-40C0-8BFA-3C111103214C}.Release|Any CPU.Build.0 = Release|Any CPU
		{45D1A91F-E219-40C0-8BFA-3C111103214C}.Release|x64.ActiveCfg = Release|x64
		{45D1A91F-E219-40C0-8BFA-3C111103214C}.Release|x64.Build.0 = Release|x64
		{45D1A91F-E219-40C0-8BFA-3C111103214C}.Release|x86.ActiveCfg = Release|x86
		{45D1A91F-E219-40C0-8BFA-3C111103214C}.Release|x86.Build.0 = Release|x86
		{B9EF4FD5-5458-4347-878A-E249CF809BBF}.Debug|Any CPU.ActiveCfg = Debug|Any CPU
		{B9EF4FD5-5458-4347-878A-E249CF809BBF}.Debug|Any CPU.Build.0 = Debug|Any CPU
		{B9EF4FD5-5458-4347-878A-E249CF809BBF}.Debug|x64.ActiveCfg = Debug|x64
		{B9EF4FD5-5458-4347-878A-E249CF809BBF}.Debug|x64.Build.0 = Debug|x64
		{B9EF4FD5-5458-4347-878A-E249CF809BBF}.Debug|x86.ActiveCfg = Debug|Any CPU
		{B9EF4FD5-5458-4347-878A-E249CF809BBF}.Debug|x86.Build.0 = Debug|Any CPU
		{B9EF4FD5-5458-4347-878A-E249CF809BBF}.Release|Any CPU.ActiveCfg = Release|Any CPU
		{B9EF4FD5-5458-4347-878A-E249CF809BBF}.Release|Any CPU.Build.0 = Release|Any CPU
		{B9EF4FD5-5458-4347-878A-E249CF809BBF}.Release|x64.ActiveCfg = Release|Any CPU
		{B9EF4FD5-5458-4347-878A-E249CF809BBF}.Release|x64.Build.0 = Release|Any CPU
		{B9EF4FD5-5458-4347-878A-E249CF809BBF}.Release|x86.ActiveCfg = Release|x86
		{B9EF4FD5-5458-4347-878A-E249CF809BBF}.Release|x86.Build.0 = Release|x86
		{EABEDF7A-DB92-4121-A8F3-322B6E8C84CC}.Debug|Any CPU.ActiveCfg = Debug
		{EABEDF7A-DB92-4121-A8F3-322B6E8C84CC}.Debug|Any CPU.Build.0 = Debug
		{EABEDF7A-DB92-4121-A8F3-322B6E8C84CC}.Debug|x64.ActiveCfg = Debug
		{EABEDF7A-DB92-4121-A8F3-322B6E8C84CC}.Debug|x64.Build.0 = Debug
		{EABEDF7A-DB92-4121-A8F3-322B6E8C84CC}.Debug|x86.ActiveCfg = Debug
		{EABEDF7A-DB92-4121-A8F3-322B6E8C84CC}.Debug|x86.Build.0 = Debug
		{EABEDF7A-DB92-4121-A8F3-322B6E8C84CC}.Release|Any CPU.ActiveCfg = Release
		{EABEDF7A-DB92-4121-A8F3-322B6E8C84CC}.Release|Any CPU.Build.0 = Release
		{EABEDF7A-DB92-4121-A8F3-322B6E8C84CC}.Release|x64.ActiveCfg = Release
		{EABEDF7A-DB92-4121-A8F3-322B6E8C84CC}.Release|x64.Build.0 = Release
		{EABEDF7A-DB92-4121-A8F3-322B6E8C84CC}.Release|x86.ActiveCfg = Release
		{EABEDF7A-DB92-4121-A8F3-322B6E8C84CC}.Release|x86.Build.0 = Release
		{5B5C89F0-AE93-41F9-9EC4-429B76AC5C31}.Debug|Any CPU.ActiveCfg = Debug|Any CPU
		{5B5C89F0-AE93-41F9-9EC4-429B76AC5C31}.Debug|Any CPU.Build.0 = Debug|Any CPU
		{5B5C89F0-AE93-41F9-9EC4-429B76AC5C31}.Debug|x64.ActiveCfg = Debug|Any CPU
		{5B5C89F0-AE93-41F9-9EC4-429B76AC5C31}.Debug|x64.Build.0 = Debug|Any CPU
		{5B5C89F0-AE93-41F9-9EC4-429B76AC5C31}.Debug|x86.ActiveCfg = Debug|Any CPU
		{5B5C89F0-AE93-41F9-9EC4-429B76AC5C31}.Debug|x86.Build.0 = Debug|Any CPU
		{5B5C89F0-AE93-41F9-9EC4-429B76AC5C31}.Release|Any CPU.ActiveCfg = Release|Any CPU
		{5B5C89F0-AE93-41F9-9EC4-429B76AC5C31}.Release|Any CPU.Build.0 = Release|Any CPU
		{5B5C89F0-AE93-41F9-9EC4-429B76AC5C31}.Release|x64.ActiveCfg = Release|Any CPU
		{5B5C89F0-AE93-41F9-9EC4-429B76AC5C31}.Release|x64.Build.0 = Release|Any CPU
		{5B5C89F0-AE93-41F9-9EC4-429B76AC5C31}.Release|x86.ActiveCfg = Release|Any CPU
		{5B5C89F0-AE93-41F9-9EC4-429B76AC5C31}.Release|x86.Build.0 = Release|Any CPU
		{BBBC5EBF-F5E7-40D3-BE5E-9EAD0B34D532}.Debug|Any CPU.ActiveCfg = Debug|Any CPU
		{BBBC5EBF-F5E7-40D3-BE5E-9EAD0B34D532}.Debug|Any CPU.Build.0 = Debug|Any CPU
		{BBBC5EBF-F5E7-40D3-BE5E-9EAD0B34D532}.Debug|x64.ActiveCfg = Debug|Any CPU
		{BBBC5EBF-F5E7-40D3-BE5E-9EAD0B34D532}.Debug|x64.Build.0 = Debug|Any CPU
		{BBBC5EBF-F5E7-40D3-BE5E-9EAD0B34D532}.Debug|x86.ActiveCfg = Debug|Any CPU
		{BBBC5EBF-F5E7-40D3-BE5E-9EAD0B34D532}.Debug|x86.Build.0 = Debug|Any CPU
		{BBBC5EBF-F5E7-40D3-BE5E-9EAD0B34D532}.Release|Any CPU.ActiveCfg = Release|Any CPU
		{BBBC5EBF-F5E7-40D3-BE5E-9EAD0B34D532}.Release|Any CPU.Build.0 = Release|Any CPU
		{BBBC5EBF-F5E7-40D3-BE5E-9EAD0B34D532}.Release|x64.ActiveCfg = Release|Any CPU
		{BBBC5EBF-F5E7-40D3-BE5E-9EAD0B34D532}.Release|x64.Build.0 = Release|Any CPU
		{BBBC5EBF-F5E7-40D3-BE5E-9EAD0B34D532}.Release|x86.ActiveCfg = Release|Any CPU
		{BBBC5EBF-F5E7-40D3-BE5E-9EAD0B34D532}.Release|x86.Build.0 = Release|Any CPU
	EndGlobalSection
	GlobalSection(SolutionProperties) = preSolution
		HideSolutionNode = FALSE
	EndGlobalSection
	GlobalSection(ExtensibilityGlobals) = postSolution
		SolutionGuid = {6A64CBD6-5F0E-4E75-9BEA-9F1A843C0868}
	EndGlobalSection
EndGlobal
